# This file is automatically @generated by Cargo.
# It is not intended for manual editing.
[[package]]
name = "arrayvec"
version = "0.3.25"
source = "registry+https://github.com/rust-lang/crates.io-index"
dependencies = [
 "nodrop 0.1.13 (registry+https://github.com/rust-lang/crates.io-index)",
 "odds 0.2.26 (registry+https://github.com/rust-lang/crates.io-index)",
]

[[package]]
name = "autocfg"
version = "0.1.4"
source = "registry+https://github.com/rust-lang/crates.io-index"

[[package]]
name = "block-buffer"
version = "0.2.0"
source = "registry+https://github.com/rust-lang/crates.io-index"
dependencies = [
 "byte-tools 0.2.0 (registry+https://github.com/rust-lang/crates.io-index)",
 "generic-array 0.8.3 (registry+https://github.com/rust-lang/crates.io-index)",
]

[[package]]
name = "bn-plus"
version = "0.4.4"
source = "registry+https://github.com/rust-lang/crates.io-index"
dependencies = [
 "byteorder 1.3.2 (registry+https://github.com/rust-lang/crates.io-index)",
 "rand 0.3.23 (registry+https://github.com/rust-lang/crates.io-index)",
 "rustc-serialize 0.3.24 (registry+https://github.com/rust-lang/crates.io-index)",
]

[[package]]
name = "byte-tools"
version = "0.2.0"
source = "registry+https://github.com/rust-lang/crates.io-index"

[[package]]
name = "byteorder"
version = "1.3.2"
source = "registry+https://github.com/rust-lang/crates.io-index"

[[package]]
name = "cfg-if"
version = "0.1.9"
source = "registry+https://github.com/rust-lang/crates.io-index"

[[package]]
name = "digest"
version = "0.6.2"
source = "registry+https://github.com/rust-lang/crates.io-index"
dependencies = [
 "generic-array 0.8.3 (registry+https://github.com/rust-lang/crates.io-index)",
]

[[package]]
name = "elastic-array-plus"
version = "0.10.0"
source = "registry+https://github.com/rust-lang/crates.io-index"

[[package]]
name = "etcommon-bigint"
version = "0.2.10"
source = "registry+https://github.com/rust-lang/crates.io-index"
dependencies = [
 "byteorder 1.3.2 (registry+https://github.com/rust-lang/crates.io-index)",
 "etcommon-hexutil 0.2.4 (registry+https://github.com/rust-lang/crates.io-index)",
 "etcommon-rlp 0.2.4 (registry+https://github.com/rust-lang/crates.io-index)",
 "libc 0.2.59 (registry+https://github.com/rust-lang/crates.io-index)",
 "rand 0.3.23 (registry+https://github.com/rust-lang/crates.io-index)",
]

[[package]]
name = "etcommon-block"
version = "0.5.1"
source = "registry+https://github.com/rust-lang/crates.io-index"
dependencies = [
 "etcommon-bigint 0.2.10 (registry+https://github.com/rust-lang/crates.io-index)",
 "etcommon-block-core 0.3.0 (registry+https://github.com/rust-lang/crates.io-index)",
 "etcommon-bloom 0.2.1 (registry+https://github.com/rust-lang/crates.io-index)",
 "etcommon-rlp 0.2.4 (registry+https://github.com/rust-lang/crates.io-index)",
 "etcommon-trie 0.4.0 (registry+https://github.com/rust-lang/crates.io-index)",
 "secp256k1-plus 0.5.7 (registry+https://github.com/rust-lang/crates.io-index)",
 "sha3 0.6.0 (registry+https://github.com/rust-lang/crates.io-index)",
]

[[package]]
name = "etcommon-block-core"
version = "0.3.0"
source = "registry+https://github.com/rust-lang/crates.io-index"
dependencies = [
 "etcommon-bigint 0.2.10 (registry+https://github.com/rust-lang/crates.io-index)",
 "etcommon-rlp 0.2.4 (registry+https://github.com/rust-lang/crates.io-index)",
 "sha3 0.6.0 (registry+https://github.com/rust-lang/crates.io-index)",
]

[[package]]
name = "etcommon-bloom"
version = "0.2.1"
source = "registry+https://github.com/rust-lang/crates.io-index"
dependencies = [
 "etcommon-bigint 0.2.10 (registry+https://github.com/rust-lang/crates.io-index)",
 "etcommon-rlp 0.2.4 (registry+https://github.com/rust-lang/crates.io-index)",
 "sha3 0.6.0 (registry+https://github.com/rust-lang/crates.io-index)",
]

[[package]]
name = "etcommon-hexutil"
version = "0.2.4"
source = "registry+https://github.com/rust-lang/crates.io-index"

[[package]]
name = "etcommon-rlp"
version = "0.2.4"
source = "registry+https://github.com/rust-lang/crates.io-index"
dependencies = [
 "byteorder 1.3.2 (registry+https://github.com/rust-lang/crates.io-index)",
 "elastic-array-plus 0.10.0 (registry+https://github.com/rust-lang/crates.io-index)",
 "etcommon-hexutil 0.2.4 (registry+https://github.com/rust-lang/crates.io-index)",
 "lazy_static 0.2.11 (registry+https://github.com/rust-lang/crates.io-index)",
]

[[package]]
name = "etcommon-trie"
version = "0.4.0"
source = "registry+https://github.com/rust-lang/crates.io-index"
dependencies = [
 "etcommon-bigint 0.2.10 (registry+https://github.com/rust-lang/crates.io-index)",
 "etcommon-rlp 0.2.4 (registry+https://github.com/rust-lang/crates.io-index)",
 "sha3 0.6.0 (registry+https://github.com/rust-lang/crates.io-index)",
]

[[package]]
name = "fake-simd"
version = "0.1.2"
source = "registry+https://github.com/rust-lang/crates.io-index"

[[package]]
name = "fuchsia-cprng"
version = "0.1.1"
source = "registry+https://github.com/rust-lang/crates.io-index"

[[package]]
name = "gcc"
version = "0.3.55"
source = "registry+https://github.com/rust-lang/crates.io-index"

[[package]]
name = "generic-array"
version = "0.8.3"
source = "registry+https://github.com/rust-lang/crates.io-index"
dependencies = [
 "nodrop 0.1.13 (registry+https://github.com/rust-lang/crates.io-index)",
 "typenum 1.10.0 (registry+https://github.com/rust-lang/crates.io-index)",
]

[[package]]
name = "lazy_static"
version = "0.2.11"
source = "registry+https://github.com/rust-lang/crates.io-index"

[[package]]
name = "libc"
version = "0.2.59"
source = "registry+https://github.com/rust-lang/crates.io-index"

[[package]]
name = "log"
version = "0.4.6"
source = "registry+https://github.com/rust-lang/crates.io-index"
dependencies = [
 "cfg-if 0.1.9 (registry+https://github.com/rust-lang/crates.io-index)",
]

[[package]]
name = "nodrop"
version = "0.1.13"
source = "registry+https://github.com/rust-lang/crates.io-index"

[[package]]
name = "num-bigint"
version = "0.1.44"
source = "registry+https://github.com/rust-lang/crates.io-index"
dependencies = [
 "num-integer 0.1.41 (registry+https://github.com/rust-lang/crates.io-index)",
 "num-traits 0.2.8 (registry+https://github.com/rust-lang/crates.io-index)",
 "rand 0.4.6 (registry+https://github.com/rust-lang/crates.io-index)",
 "rustc-serialize 0.3.24 (registry+https://github.com/rust-lang/crates.io-index)",
]

[[package]]
name = "num-integer"
version = "0.1.41"
source = "registry+https://github.com/rust-lang/crates.io-index"
dependencies = [
 "autocfg 0.1.4 (registry+https://github.com/rust-lang/crates.io-index)",
 "num-traits 0.2.8 (registry+https://github.com/rust-lang/crates.io-index)",
]

[[package]]
name = "num-traits"
version = "0.2.8"
source = "registry+https://github.com/rust-lang/crates.io-index"
dependencies = [
 "autocfg 0.1.4 (registry+https://github.com/rust-lang/crates.io-index)",
]

[[package]]
name = "odds"
version = "0.2.26"
source = "registry+https://github.com/rust-lang/crates.io-index"

[[package]]
name = "rand"
version = "0.3.23"
source = "registry+https://github.com/rust-lang/crates.io-index"
dependencies = [
 "libc 0.2.59 (registry+https://github.com/rust-lang/crates.io-index)",
 "rand 0.4.6 (registry+https://github.com/rust-lang/crates.io-index)",
]

[[package]]
name = "rand"
version = "0.4.6"
source = "registry+https://github.com/rust-lang/crates.io-index"
dependencies = [
 "fuchsia-cprng 0.1.1 (registry+https://github.com/rust-lang/crates.io-index)",
 "libc 0.2.59 (registry+https://github.com/rust-lang/crates.io-index)",
 "rand_core 0.3.1 (registry+https://github.com/rust-lang/crates.io-index)",
 "rdrand 0.4.0 (registry+https://github.com/rust-lang/crates.io-index)",
 "winapi 0.3.7 (registry+https://github.com/rust-lang/crates.io-index)",
]

[[package]]
name = "rand_core"
version = "0.3.1"
source = "registry+https://github.com/rust-lang/crates.io-index"
dependencies = [
 "rand_core 0.4.0 (registry+https://github.com/rust-lang/crates.io-index)",
]

[[package]]
name = "rand_core"
version = "0.4.0"
source = "registry+https://github.com/rust-lang/crates.io-index"

[[package]]
name = "rdrand"
version = "0.4.0"
source = "registry+https://github.com/rust-lang/crates.io-index"
dependencies = [
 "rand_core 0.3.1 (registry+https://github.com/rust-lang/crates.io-index)",
]

[[package]]
name = "ripemd160"
version = "0.6.0"
source = "registry+https://github.com/rust-lang/crates.io-index"
dependencies = [
 "block-buffer 0.2.0 (registry+https://github.com/rust-lang/crates.io-index)",
 "byte-tools 0.2.0 (registry+https://github.com/rust-lang/crates.io-index)",
 "digest 0.6.2 (registry+https://github.com/rust-lang/crates.io-index)",
 "generic-array 0.8.3 (registry+https://github.com/rust-lang/crates.io-index)",
]

[[package]]
name = "rustc-serialize"
version = "0.3.24"
source = "registry+https://github.com/rust-lang/crates.io-index"

[[package]]
name = "rustest"
version = "0.1.0"
dependencies = [
 "etcommon-bigint 0.2.10 (registry+https://github.com/rust-lang/crates.io-index)",
 "etcommon-hexutil 0.2.4 (registry+https://github.com/rust-lang/crates.io-index)",
 "sputnikvm 0.10.1 (git+https://github.com/ETCDEVTeam/sputnikvm)",
 "sputnikvm-network-classic 0.10.1 (git+https://github.com/ETCDEVTeam/sputnikvm)",
]

[[package]]
name = "secp256k1-plus"
version = "0.5.7"
source = "registry+https://github.com/rust-lang/crates.io-index"
dependencies = [
 "arrayvec 0.3.25 (registry+https://github.com/rust-lang/crates.io-index)",
 "gcc 0.3.55 (registry+https://github.com/rust-lang/crates.io-index)",
 "lazy_static 0.2.11 (registry+https://github.com/rust-lang/crates.io-index)",
 "libc 0.2.59 (registry+https://github.com/rust-lang/crates.io-index)",
 "rand 0.3.23 (registry+https://github.com/rust-lang/crates.io-index)",
 "rustc-serialize 0.3.24 (registry+https://github.com/rust-lang/crates.io-index)",
]

[[package]]
name = "sha2"
version = "0.6.0"
source = "registry+https://github.com/rust-lang/crates.io-index"
dependencies = [
 "block-buffer 0.2.0 (registry+https://github.com/rust-lang/crates.io-index)",
 "byte-tools 0.2.0 (registry+https://github.com/rust-lang/crates.io-index)",
 "digest 0.6.2 (registry+https://github.com/rust-lang/crates.io-index)",
 "fake-simd 0.1.2 (registry+https://github.com/rust-lang/crates.io-index)",
 "generic-array 0.8.3 (registry+https://github.com/rust-lang/crates.io-index)",
]

[[package]]
name = "sha3"
version = "0.6.0"
source = "registry+https://github.com/rust-lang/crates.io-index"
dependencies = [
 "block-buffer 0.2.0 (registry+https://github.com/rust-lang/crates.io-index)",
 "byte-tools 0.2.0 (registry+https://github.com/rust-lang/crates.io-index)",
 "digest 0.6.2 (registry+https://github.com/rust-lang/crates.io-index)",
 "generic-array 0.8.3 (registry+https://github.com/rust-lang/crates.io-index)",
]

[[package]]
name = "sputnikvm"
version = "0.10.1"
source = "git+https://github.com/ETCDEVTeam/sputnikvm#5943a5d1a647ff1802336cc5e1eb61f909bd6962"
dependencies = [
 "digest 0.6.2 (registry+https://github.com/rust-lang/crates.io-index)",
 "etcommon-bigint 0.2.10 (registry+https://github.com/rust-lang/crates.io-index)",
 "etcommon-block 0.5.1 (registry+https://github.com/rust-lang/crates.io-index)",
 "etcommon-block-core 0.3.0 (registry+https://github.com/rust-lang/crates.io-index)",
 "etcommon-rlp 0.2.4 (registry+https://github.com/rust-lang/crates.io-index)",
 "log 0.4.6 (registry+https://github.com/rust-lang/crates.io-index)",
 "ripemd160 0.6.0 (registry+https://github.com/rust-lang/crates.io-index)",
 "secp256k1-plus 0.5.7 (registry+https://github.com/rust-lang/crates.io-index)",
 "sha2 0.6.0 (registry+https://github.com/rust-lang/crates.io-index)",
 "sha3 0.6.0 (registry+https://github.com/rust-lang/crates.io-index)",
]

[[package]]
name = "sputnikvm-network-classic"
version = "0.10.1"
source = "git+https://github.com/ETCDEVTeam/sputnikvm#5943a5d1a647ff1802336cc5e1eb61f909bd6962"
dependencies = [
 "etcommon-bigint 0.2.10 (registry+https://github.com/rust-lang/crates.io-index)",
 "sputnikvm 0.10.1 (git+https://github.com/ETCDEVTeam/sputnikvm)",
 "sputnikvm-precompiled-bn128 0.10.1 (git+https://github.com/ETCDEVTeam/sputnikvm)",
 "sputnikvm-precompiled-modexp 0.10.1 (git+https://github.com/ETCDEVTeam/sputnikvm)",
]

[[package]]
name = "sputnikvm-precompiled-bn128"
version = "0.10.1"
source = "git+https://github.com/ETCDEVTeam/sputnikvm#5943a5d1a647ff1802336cc5e1eb61f909bd6962"
dependencies = [
 "bn-plus 0.4.4 (registry+https://github.com/rust-lang/crates.io-index)",
 "etcommon-bigint 0.2.10 (registry+https://github.com/rust-lang/crates.io-index)",
 "sputnikvm 0.10.1 (git+https://github.com/ETCDEVTeam/sputnikvm)",
]

[[package]]
name = "sputnikvm-precompiled-modexp"
version = "0.10.1"
source = "git+https://github.com/ETCDEVTeam/sputnikvm#5943a5d1a647ff1802336cc5e1eb61f909bd6962"
dependencies = [
 "etcommon-bigint 0.2.10 (registry+https://github.com/rust-lang/crates.io-index)",
 "num-bigint 0.1.44 (registry+https://github.com/rust-lang/crates.io-index)",
 "sputnikvm 0.10.1 (git+https://github.com/ETCDEVTeam/sputnikvm)",
]

[[package]]
name = "typenum"
version = "1.10.0"
source = "registry+https://github.com/rust-lang/crates.io-index"

[[package]]
name = "winapi"
version = "0.3.7"
source = "registry+https://github.com/rust-lang/crates.io-index"
dependencies = [
 "winapi-i686-pc-windows-gnu 0.4.0 (registry+https://github.com/rust-lang/crates.io-index)",
 "winapi-x86_64-pc-windows-gnu 0.4.0 (registry+https://github.com/rust-lang/crates.io-index)",
]

[[package]]
name = "winapi-i686-pc-windows-gnu"
version = "0.4.0"
source = "registry+https://github.com/rust-lang/crates.io-index"

[[package]]
name = "winapi-x86_64-pc-windows-gnu"
version = "0.4.0"
source = "registry+https://github.com/rust-lang/crates.io-index"

[metadata]
"checksum arrayvec 0.3.25 (registry+https://github.com/rust-lang/crates.io-index)" = "06f59fe10306bb78facd90d28c2038ad23ffaaefa85bac43c8a434cde383334f"
"checksum autocfg 0.1.4 (registry+https://github.com/rust-lang/crates.io-index)" = "0e49efa51329a5fd37e7c79db4621af617cd4e3e5bc224939808d076077077bf"
"checksum block-buffer 0.2.0 (registry+https://github.com/rust-lang/crates.io-index)" = "1339a1042f5d9f295737ad4d9a6ab6bf81c84a933dba110b9200cd6d1448b814"
"checksum bn-plus 0.4.4 (registry+https://github.com/rust-lang/crates.io-index)" = "f90037d4bc5a0f87267ee77f0b9c9035a3edbeafc6552109d765283133cf36ca"
"checksum byte-tools 0.2.0 (registry+https://github.com/rust-lang/crates.io-index)" = "560c32574a12a89ecd91f5e742165893f86e3ab98d21f8ea548658eb9eef5f40"
"checksum byteorder 1.3.2 (registry+https://github.com/rust-lang/crates.io-index)" = "a7c3dd8985a7111efc5c80b44e23ecdd8c007de8ade3b96595387e812b957cf5"
"checksum cfg-if 0.1.9 (registry+https://github.com/rust-lang/crates.io-index)" = "b486ce3ccf7ffd79fdeb678eac06a9e6c09fc88d33836340becb8fffe87c5e33"
"checksum digest 0.6.2 (registry+https://github.com/rust-lang/crates.io-index)" = "e5b29bf156f3f4b3c4f610a25ff69370616ae6e0657d416de22645483e72af0a"
"checksum elastic-array-plus 0.10.0 (registry+https://github.com/rust-lang/crates.io-index)" = "562cc8504a01eb20c10fb154abd7c4baeb9beba2329cf85838ee2bd48a468b18"
"checksum etcommon-bigint 0.2.10 (registry+https://github.com/rust-lang/crates.io-index)" = "e8375b615f02fc1ea1aea0a323e11c1084c841bd530a6dc57b9e1da80a502abd"
"checksum etcommon-block 0.5.1 (registry+https://github.com/rust-lang/crates.io-index)" = "cd9b37ed4d6c6ab5226582994bfba742fb375f3d54cacdb77be20e53d1ae0bd1"
"checksum etcommon-block-core 0.3.0 (registry+https://github.com/rust-lang/crates.io-index)" = "deee420e06462e1df9c4bd1d3e2713e7b2496af29c039513a9c0f5d6805c7374"
"checksum etcommon-bloom 0.2.1 (registry+https://github.com/rust-lang/crates.io-index)" = "43844778eb139dc011f9e11abd509befd4075d42e7f6875a64b7a522511278af"
"checksum etcommon-hexutil 0.2.4 (registry+https://github.com/rust-lang/crates.io-index)" = "20b4d1933bf88b806ba2d9189880b1b4ef205e42df9573b65716f2a50818024c"
"checksum etcommon-rlp 0.2.4 (registry+https://github.com/rust-lang/crates.io-index)" = "804a932fed78022b8ec25c06576c57f683a6646dfae22f93dcc5d23470aafe85"
"checksum etcommon-trie 0.4.0 (registry+https://github.com/rust-lang/crates.io-index)" = "c2f51f2734e5391cc8dfeeff6286a71213405837e31d581d4aa6af15316430cb"
"checksum fake-simd 0.1.2 (registry+https://github.com/rust-lang/crates.io-index)" = "e88a8acf291dafb59c2d96e8f59828f3838bb1a70398823ade51a84de6a6deed"
"checksum fuchsia-cprng 0.1.1 (registry+https://github.com/rust-lang/crates.io-index)" = "a06f77d526c1a601b7c4cdd98f54b5eaabffc14d5f2f0296febdc7f357c6d3ba"
"checksum gcc 0.3.55 (registry+https://github.com/rust-lang/crates.io-index)" = "8f5f3913fa0bfe7ee1fd8248b6b9f42a5af4b9d65ec2dd2c3c26132b950ecfc2"
"checksum generic-array 0.8.3 (registry+https://github.com/rust-lang/crates.io-index)" = "fceb69994e330afed50c93524be68c42fa898c2d9fd4ee8da03bd7363acd26f2"
"checksum lazy_static 0.2.11 (registry+https://github.com/rust-lang/crates.io-index)" = "76f033c7ad61445c5b347c7382dd1237847eb1bce590fe50365dcb33d546be73"
"checksum libc 0.2.59 (registry+https://github.com/rust-lang/crates.io-index)" = "3262021842bf00fe07dbd6cf34ff25c99d7a7ebef8deea84db72be3ea3bb0aff"
"checksum log 0.4.6 (registry+https://github.com/rust-lang/crates.io-index)" = "c84ec4b527950aa83a329754b01dbe3f58361d1c5efacd1f6d68c494d08a17c6"
"checksum nodrop 0.1.13 (registry+https://github.com/rust-lang/crates.io-index)" = "2f9667ddcc6cc8a43afc9b7917599d7216aa09c463919ea32c59ed6cac8bc945"
"checksum num-bigint 0.1.44 (registry+https://github.com/rust-lang/crates.io-index)" = "e63899ad0da84ce718c14936262a41cee2c79c981fc0a0e7c7beb47d5a07e8c1"
"checksum num-integer 0.1.41 (registry+https://github.com/rust-lang/crates.io-index)" = "b85e541ef8255f6cf42bbfe4ef361305c6c135d10919ecc26126c4e5ae94bc09"
"checksum num-traits 0.2.8 (registry+https://github.com/rust-lang/crates.io-index)" = "6ba9a427cfca2be13aa6f6403b0b7e7368fe982bfa16fccc450ce74c46cd9b32"
"checksum odds 0.2.26 (registry+https://github.com/rust-lang/crates.io-index)" = "4eae0151b9dacf24fcc170d9995e511669a082856a91f958a2fe380bfab3fb22"
"checksum rand 0.3.23 (registry+https://github.com/rust-lang/crates.io-index)" = "64ac302d8f83c0c1974bf758f6b041c6c8ada916fbb44a609158ca8b064cc76c"
"checksum rand 0.4.6 (registry+https://github.com/rust-lang/crates.io-index)" = "552840b97013b1a26992c11eac34bdd778e464601a4c2054b5f0bff7c6761293"
"checksum rand_core 0.3.1 (registry+https://github.com/rust-lang/crates.io-index)" = "7a6fdeb83b075e8266dcc8762c22776f6877a63111121f5f8c7411e5be7eed4b"
"checksum rand_core 0.4.0 (registry+https://github.com/rust-lang/crates.io-index)" = "d0e7a549d590831370895ab7ba4ea0c1b6b011d106b5ff2da6eee112615e6dc0"
"checksum rdrand 0.4.0 (registry+https://github.com/rust-lang/crates.io-index)" = "678054eb77286b51581ba43620cc911abf02758c91f93f479767aed0f90458b2"
"checksum ripemd160 0.6.0 (registry+https://github.com/rust-lang/crates.io-index)" = "a347777d54218aec5d50f31ea04e8c0bceb1dea0282323f0cac42853178f07e9"
"checksum rustc-serialize 0.3.24 (registry+https://github.com/rust-lang/crates.io-index)" = "dcf128d1287d2ea9d80910b5f1120d0b8eede3fbf1abe91c40d39ea7d51e6fda"
"checksum secp256k1-plus 0.5.7 (registry+https://github.com/rust-lang/crates.io-index)" = "7222a0da4de37d12aa9d018c563f2916b40c3c5030292b9becde5825d86bf3e2"
"checksum sha2 0.6.0 (registry+https://github.com/rust-lang/crates.io-index)" = "7d963c78ce367df26d7ea8b8cc655c651b42e8a1e584e869c1e17dae3ccb116a"
"checksum sha3 0.6.0 (registry+https://github.com/rust-lang/crates.io-index)" = "26405905b6a56a94c60109cfda62610507ac14a65be531f5767dec5c5a8dd6a0"
"checksum sputnikvm 0.10.1 (git+https://github.com/ETCDEVTeam/sputnikvm)" = "<none>"
"checksum sputnikvm-network-classic 0.10.1 (git+https://github.com/ETCDEVTeam/sputnikvm)" = "<none>"
"checksum sputnikvm-precompiled-bn128 0.10.1 (git+https://github.com/ETCDEVTeam/sputnikvm)" = "<none>"
"checksum sputnikvm-precompiled-modexp 0.10.1 (git+https://github.com/ETCDEVTeam/sputnikvm)" = "<none>"
"checksum typenum 1.10.0 (registry+https://github.com/rust-lang/crates.io-index)" = "612d636f949607bdf9b123b4a6f6d966dedf3ff669f7f045890d3a4a73948169"
"checksum winapi 0.3.7 (registry+https://github.com/rust-lang/crates.io-index)" = "f10e386af2b13e47c89e7236a7a14a086791a2b88ebad6df9bf42040195cf770"
"checksum winapi-i686-pc-windows-gnu 0.4.0 (registry+https://github.com/rust-lang/crates.io-index)" = "ac3b87c63620426dd9b991e5ce0329eff545bccbbb34f3be09ff6fb6ab51b7b6"
"checksum winapi-x86_64-pc-windows-gnu 0.4.0 (registry+https://github.com/rust-lang/crates.io-index)" = "712e227841d057c1ee1cd2fb22fa7e5a5461ae8e48fa2ca79ec42cfc1931183f"
